schema: '2.0'
stages:
  predict:
    cmd: CUDA_VISIBLE_DEVICES=0 python scripts/ragent.py predict --n-env-jobs 32 --batch-size
      32 --model bdsaglam/Llama-3.1-8B-Instruct-ragent-grpo-musique-merged --temperature
      0.5 --top-p 0.95 --dataset-path bdsaglam/musique-mini --dataset-name answerable  --dataset-split
      validation --retriever hybrid --retriever-top-k 1 --out data/generated/predictions.jsonl
    deps:
    - path: scripts/ragent.py
      hash: md5
      md5: eec765702c43c52aeb2e96485a7e371c
      size: 11516
    params:
      params.yaml:
        dataset.name: answerable
        dataset.path: bdsaglam/musique-mini
        dataset.split: validation
        devices: 0
        model.path: bdsaglam/Llama-3.1-8B-Instruct-ragent-grpo-musique-merged
        model.temperature: 0.5
        model.top_p: 0.95
        retriever:
          name: hybrid
          top_k: 1
        retriever.top_k: 1
    outs:
    - path: data/generated/predictions.jsonl
      hash: md5
      md5: 93ab939cc36f0daedd40f591666e8b23
      size: 5926782
  evaluate:
    cmd: python scripts/evaluate.py data/generated/predictions.jsonl --output-dir
      data/generated/
    deps:
    - path: data/generated/predictions.jsonl
      hash: md5
      md5: 93ab939cc36f0daedd40f591666e8b23
      size: 5926782
    - path: scripts/evaluate.py
      hash: md5
      md5: 7edc416b196ed16d9633e6654c36e710
      size: 980
    outs:
    - path: data/generated/results.jsonl
      hash: md5
      md5: e9ac380edb3f15cf3763f135c66fc9ba
      size: 50500
    - path: data/generated/scores.json
      hash: md5
      md5: 29575818ad08e3cc405c60d2258c2e29
      size: 63
