schema: '2.0'
stages:
  predict:
    cmd: CUDA_VISIBLE_DEVICES=0 python scripts/ragent.py predict --n-env-jobs 32 --batch-size
      32 --model bdsaglam/Llama-3.1-8B-Instruct-ragent-grpo-musique-merged --temperature
      0.5 --top-p 0.95 --few-shot-prob 1.0 --dataset-path bdsaglam/musique-mini --dataset-name
      answerable  --dataset-split validation --retriever hybrid --retriever-top-k
      1 --retriever-mode new --out data/generated/predictions.jsonl
    deps:
    - path: scripts/ragent.py
      hash: md5
      md5: 42b414d93b41fbb27929e50376164be8
      size: 12129
    params:
      params.yaml:
        dataset.name: answerable
        dataset.path: bdsaglam/musique-mini
        dataset.split: validation
        devices: '0'
        model.few_shot_prob: 1.0
        model.path: bdsaglam/Llama-3.1-8B-Instruct-ragent-grpo-musique-merged
        model.temperature: 0.5
        model.top_p: 0.95
        retriever:
          name: hybrid
          top_k: 1
          mode: new
        retriever.mode: new
        retriever.top_k: 1
    outs:
    - path: data/generated/predictions.jsonl
      hash: md5
      md5: 2ae26a5e21692819ca8a3e96fbc61443
      size: 6129455
  evaluate:
    cmd: python scripts/evaluate.py data/generated/predictions.jsonl --output-dir
      data/generated/
    deps:
    - path: data/generated/predictions.jsonl
      hash: md5
      md5: 2ae26a5e21692819ca8a3e96fbc61443
      size: 6129455
    - path: scripts/evaluate.py
      hash: md5
      md5: 796221d2d92add59161c311790d7d792
      size: 3792
    outs:
    - path: data/generated/results.jsonl
      hash: md5
      md5: 95b9db14ab72edf218714ca492f1d44e
      size: 125981
    - path: data/generated/scores.json
      hash: md5
      md5: 6c73352de82eeb13abd43155d65ab8bf
      size: 184
