schema: '2.0'
stages:
  predict:
    cmd: CUDA_VISIBLE_DEVICES=0 python scripts/ragent.py predict --n-env-jobs 32 --batch-size
      32 --model bdsaglam/Llama-3.1-8B-Instruct-ragent-grpo-musique-merged --temperature
      0.5 --top-p 0.95 --few-shot-prob 1.0 --dataset-path bdsaglam/musique-mini --dataset-name
      answerable  --dataset-split validation --retriever hybrid --retriever-top-k
      1 --out data/generated/predictions.jsonl
    deps:
    - path: scripts/ragent.py
      hash: md5
      md5: 0da80d3163082aee3f6909735f16b221
      size: 11892
    params:
      params.yaml:
        dataset.name: answerable
        dataset.path: bdsaglam/musique-mini
        dataset.split: validation
        devices: '0'
        model.few_shot_prob: 1.0
        model.path: bdsaglam/Llama-3.1-8B-Instruct-ragent-grpo-musique-merged
        model.temperature: 0.5
        model.top_p: 0.95
        retriever:
          name: hybrid
          top_k: 1
        retriever.top_k: 1
    outs:
    - path: data/generated/predictions.jsonl
      hash: md5
      md5: cde895f11c764b80075938a32c5aaea7
      size: 6244815
  evaluate:
    cmd: python scripts/evaluate.py data/generated/predictions.jsonl --output-dir
      data/generated/
    deps:
    - path: data/generated/predictions.jsonl
      hash: md5
      md5: cde895f11c764b80075938a32c5aaea7
      size: 6244815
    - path: scripts/evaluate.py
      hash: md5
      md5: 7edc416b196ed16d9633e6654c36e710
      size: 980
    outs:
    - path: data/generated/results.jsonl
      hash: md5
      md5: 0bf06dbd17296b91f826a6a852bc8de3
      size: 49998
    - path: data/generated/scores.json
      hash: md5
      md5: b317c8ed24ca56962b9542bc6129770a
      size: 63
